
Microsoft Visual Studio Solution File, Format Version 12.00
# Visual Studio Version 17
VisualStudioVersion = 17.13.35806.99 d17.13
MinimumVisualStudioVersion = 10.0.40219.1
Project("{8BC9CEB8-8B4A-11D0-8D11-00A0C91BC942}") = "ConfigInicial", "ConfigInicial\ConfigInicial.vcxproj", "{F1299311-9798-41A0-8A0A-14975D031D39}"
EndProject
Global
	GlobalSection(SolutionConfigurationPlatforms) = preSolution
		Debug|x64 = Debug|x64
		Debug|x86 = Debug|x86
		Release|x64 = Release|x64
		Release|x86 = Release|x86
	EndGlobalSection
	GlobalSection(ProjectConfigurationPlatforms) = postSolution
		{F1299311-9798-41A0-8A0A-14975D031D39}.Debug|x64.ActiveCfg = Debug|x64
		{F1299311-9798-41A0-8A0A-14975D031D39}.Debug|x64.Build.0 = Debug|x64
		{F1299311-9798-41A0-8A0A-14975D031D39}.Debug|x86.ActiveCfg = Debug|Win32
		{F1299311-9798-41A0-8A0A-14975D031D39}.Debug|x86.Build.0 = Debug|Win32
		{F1299311-9798-41A0-8A0A-14975D031D39}.Release|x64.ActiveCfg = Release|x64
		{F1299311-9798-41A0-8A0A-14975D031D39}.Release|x64.Build.0 = Release|x64
		{F1299311-9798-41A0-8A0A-14975D031D39}.Release|x86.ActiveCfg = Release|Win32
		{F1299311-9798-41A0-8A0A-14975D031D39}.Release|x86.Build.0 = Release|Win32
	EndGlobalSection
	GlobalSection(SolutionProperties) = preSolution
		HideSolutionNode = FALSE
	EndGlobalSection
	GlobalSection(ExtensibilityGlobals) = postSolution
		SolutionGuid = {29C33450-5650-474B-88F4-5FA7565CB27E}
	EndGlobalSection
EndGlobal
